
Microsoft Visual Studio Solution File, Format Version 12.00
# Visual Studio Version 17
VisualStudioVersion = 17.3.32825.248
MinimumVisualStudioVersion = 10.0.40219.1
Project("{FAE04EC0-301F-11D3-BF4B-00C04F79EFBC}") = "учёт бюджета", "учёт бюджета\учёт бюджета.csproj", "{A561DDA8-5D73-4E5E-8C71-A02C9B38DD4C}"
EndProject
Global
	GlobalSection(SolutionConfigurationPlatforms) = preSolution
		Debug|Any CPU = Debug|Any CPU
		Release|Any CPU = Release|Any CPU
	EndGlobalSection
	GlobalSection(ProjectConfigurationPlatforms) = postSolution
		{A561DDA8-5D73-4E5E-8C71-A02C9B38DD4C}.Debug|Any CPU.ActiveCfg = Debug|Any CPU
		{A561DDA8-5D73-4E5E-8C71-A02C9B38DD4C}.Debug|Any CPU.Build.0 = Debug|Any CPU
		{A561DDA8-5D73-4E5E-8C71-A02C9B38DD4C}.Release|Any CPU.ActiveCfg = Release|Any CPU
		{A561DDA8-5D73-4E5E-8C71-A02C9B38DD4C}.Release|Any CPU.Build.0 = Release|Any CPU
	EndGlobalSection
	GlobalSection(SolutionProperties) = preSolution
		HideSolutionNode = FALSE
	EndGlobalSection
	GlobalSection(ExtensibilityGlobals) = postSolution
		SolutionGuid = {984CEE0D-4A9D-409C-A71E-1BB3B283B99E}
	EndGlobalSection
EndGlobal
